
Microsoft Visual Studio Solution File, Format Version 12.00
# Visual Studio Version 17
VisualStudioVersion = 17.11.35208.52
MinimumVisualStudioVersion = 10.0.40219.1
Project("{FAE04EC0-301F-11D3-BF4B-00C04F79EFBC}") = "SL2-proyecto", "SL2-proyecto.csproj", "{11C41B4B-CDD8-4CD9-99C4-9883EF6E4FE7}"
EndProject
Global
	GlobalSection(SolutionConfigurationPlatforms) = preSolution
		Debug|Any CPU = Debug|Any CPU
		Release|Any CPU = Release|Any CPU
	EndGlobalSection
	GlobalSection(ProjectConfigurationPlatforms) = postSolution
		{11C41B4B-CDD8-4CD9-99C4-9883EF6E4FE7}.Debug|Any CPU.ActiveCfg = Debug|Any CPU
		{11C41B4B-CDD8-4CD9-99C4-9883EF6E4FE7}.Debug|Any CPU.Build.0 = Debug|Any CPU
		{11C41B4B-CDD8-4CD9-99C4-9883EF6E4FE7}.Release|Any CPU.ActiveCfg = Release|Any CPU
		{11C41B4B-CDD8-4CD9-99C4-9883EF6E4FE7}.Release|Any CPU.Build.0 = Release|Any CPU
	EndGlobalSection
	GlobalSection(SolutionProperties) = preSolution
		HideSolutionNode = FALSE
	EndGlobalSection
	GlobalSection(ExtensibilityGlobals) = postSolution
		SolutionGuid = {1CC30189-3AD2-46A8-B163-8E32FD57BA14}
	EndGlobalSection
EndGlobal
